
Microsoft Visual Studio Solution File, Format Version 12.00
# Visual Studio Version 16
VisualStudioVersion = 16.0.31005.135
MinimumVisualStudioVersion = 10.0.40219.1
Project("{FAE04EC0-301F-11D3-BF4B-00C04F79EFBC}") = "DrMario", "DrMario\DrMario.csproj", "{ABDACDD0-514E-4E06-85CD-398307719616}"
EndProject
Global
	GlobalSection(SolutionConfigurationPlatforms) = preSolution
		Debug|Any CPU = Debug|Any CPU
		Release|Any CPU = Release|Any CPU
	EndGlobalSection
	GlobalSection(ProjectConfigurationPlatforms) = postSolution
		{ABDACDD0-514E-4E06-85CD-398307719616}.Debug|Any CPU.ActiveCfg = Debug|Any CPU
		{ABDACDD0-514E-4E06-85CD-398307719616}.Debug|Any CPU.Build.0 = Debug|Any CPU
		{ABDACDD0-514E-4E06-85CD-398307719616}.Release|Any CPU.ActiveCfg = Release|Any CPU
		{ABDACDD0-514E-4E06-85CD-398307719616}.Release|Any CPU.Build.0 = Release|Any CPU
	EndGlobalSection
	GlobalSection(SolutionProperties) = preSolution
		HideSolutionNode = FALSE
	EndGlobalSection
	GlobalSection(ExtensibilityGlobals) = postSolution
		SolutionGuid = {3FF37665-1A65-48A3-B02A-9EC422333B61}
	EndGlobalSection
EndGlobal
